{
  "name": "node-console-quiz",
  "version": "1.0.0",
  "lockfileVersion": 1,
  "requires": true,
  "dependencies": {
    "cli-interact": {
      "version": "0.1.9",
      "resolved": "https://registry.npmjs.org/cli-interact/-/cli-interact-0.1.9.tgz",
      "integrity": "sha1-5YroUFu/ftLhJnEFfNVZsS/c4o8=",
      "requires": {
        "readline-sync": "0.4.10"
      }
    },
    "readline-sync": {
      "version": "0.4.10",
      "resolved": "https://registry.npmjs.org/readline-sync/-/readline-sync-0.4.10.tgz",
      "integrity": "sha1-vvA9mT7KNYX9Bk9dVtcnZ2XfwSE="
    }
  }
}
